// !$*UTF8*$!
{
	archiveVersion = 1;
	classes = {
	};
	objectVersion = 56;
	objects = {

/* Begin PBXBuildFile section */
		23059D572B8634FC00C9334F /* YS Display-Bold.ttf in Resources */ = {isa = PBXBuildFile; fileRef = 23059D562B8634FC00C9334F /* YS Display-Bold.ttf */; };
		23059D592B86350600C9334F /* YS Display-Regular.ttf in Resources */ = {isa = PBXBuildFile; fileRef = 23059D582B86350600C9334F /* YS Display-Regular.ttf */; };
		23059D5B2B864A2C00C9334F /* Constants.swift in Sources */ = {isa = PBXBuildFile; fileRef = 23059D5A2B864A2C00C9334F /* Constants.swift */; };
		23059D5D2B86713100C9334F /* AuthViewController.swift in Sources */ = {isa = PBXBuildFile; fileRef = 23059D5C2B86713100C9334F /* AuthViewController.swift */; };
		230858852B58055400E39914 /* AppDelegate.swift in Sources */ = {isa = PBXBuildFile; fileRef = 230858842B58055400E39914 /* AppDelegate.swift */; };
		230858872B58055400E39914 /* SceneDelegate.swift in Sources */ = {isa = PBXBuildFile; fileRef = 230858862B58055400E39914 /* SceneDelegate.swift */; };
		230858892B58055400E39914 /* ImageListViewController.swift in Sources */ = {isa = PBXBuildFile; fileRef = 230858882B58055400E39914 /* ImageListViewController.swift */; };
		2308588C2B58055400E39914 /* Main.storyboard in Resources */ = {isa = PBXBuildFile; fileRef = 2308588A2B58055400E39914 /* Main.storyboard */; };
		2308588E2B58057800E39914 /* Assets.xcassets in Resources */ = {isa = PBXBuildFile; fileRef = 2308588D2B58057800E39914 /* Assets.xcassets */; };
		230858912B58057800E39914 /* LaunchScreen.storyboard in Resources */ = {isa = PBXBuildFile; fileRef = 2308588F2B58057800E39914 /* LaunchScreen.storyboard */; };
		233C61ED2B95F1C300BDE41E /* SplashViewController.swift in Sources */ = {isa = PBXBuildFile; fileRef = 233C61EC2B95F1C300BDE41E /* SplashViewController.swift */; };
		234A0B0F2B9517950087E01E /* OAuth2TokenStorage.swift in Sources */ = {isa = PBXBuildFile; fileRef = 234A0B0E2B9517950087E01E /* OAuth2TokenStorage.swift */; };
		234A0B112B951B850087E01E /* OAuthTokenResponseBody.swift in Sources */ = {isa = PBXBuildFile; fileRef = 234A0B102B951B850087E01E /* OAuthTokenResponseBody.swift */; };
		235F0A0E2B6AB774004E8A22 /* ProfileViewController.swift in Sources */ = {isa = PBXBuildFile; fileRef = 235F0A0D2B6AB774004E8A22 /* ProfileViewController.swift */; };
		236920EF2BD51F960046918F /* ProfileImageService.swift in Sources */ = {isa = PBXBuildFile; fileRef = 236920EE2BD51F960046918F /* ProfileImageService.swift */; };
		2376E57F2B98DC5100F53A96 /* ProgressHUD in Frameworks */ = {isa = PBXBuildFile; productRef = 2376E57E2B98DC5100F53A96 /* ProgressHUD */; };
		2376E5832B99135E00F53A96 /* URL Session + Data.swift in Sources */ = {isa = PBXBuildFile; fileRef = 2376E5822B99135E00F53A96 /* URL Session + Data.swift */; };
		2377CA352BEC17B100B1B09B /* Kingfisher in Frameworks */ = {isa = PBXBuildFile; productRef = 2377CA342BEC17B100B1B09B /* Kingfisher */; };
		2377CA382BEC182100B1B09B /* SwiftKeychainWrapper in Frameworks */ = {isa = PBXBuildFile; productRef = 2377CA372BEC182100B1B09B /* SwiftKeychainWrapper */; };
		2379823B2BA74B8D00F9C1A4 /* ProfileService.swift in Sources */ = {isa = PBXBuildFile; fileRef = 2379823A2BA74B8D00F9C1A4 /* ProfileService.swift */; };
		2379823D2BA74BE600F9C1A4 /* UIBlockingProgressHUD.swift in Sources */ = {isa = PBXBuildFile; fileRef = 2379823C2BA74BE600F9C1A4 /* UIBlockingProgressHUD.swift */; };
		23A8703B2B61790600CB612D /* ImageListCell.swift in Sources */ = {isa = PBXBuildFile; fileRef = 23A8703A2B61790600CB612D /* ImageListCell.swift */; };
		23ACC1892B8E5C5E005BEF75 /* OAuth2Service.swift in Sources */ = {isa = PBXBuildFile; fileRef = 23ACC1882B8E5C5E005BEF75 /* OAuth2Service.swift */; };
		23B4314D2BD69D3A005D6DA1 /* GenericUrlSession.swift in Sources */ = {isa = PBXBuildFile; fileRef = 23B4314C2BD69D3A005D6DA1 /* GenericUrlSession.swift */; };
		23B4F6B02B95F996007D10C3 /* AuthViewControllerDelegate.swift in Sources */ = {isa = PBXBuildFile; fileRef = 23B4F6AF2B95F996007D10C3 /* AuthViewControllerDelegate.swift */; };
		23B8ED722B8766CE008DE611 /* WebViewViewController.swift in Sources */ = {isa = PBXBuildFile; fileRef = 23B8ED712B8766CE008DE611 /* WebViewViewController.swift */; };
		23BE1DA72BEBFB7400E907D9 /* TabBarController.swift in Sources */ = {isa = PBXBuildFile; fileRef = 23BE1DA62BEBFB7400E907D9 /* TabBarController.swift */; };
		23C8FA8B2B88F61400F46B59 /* WebViewViewControllerDelegate.swift in Sources */ = {isa = PBXBuildFile; fileRef = 23C8FA8A2B88F61400F46B59 /* WebViewViewControllerDelegate.swift */; };
		23D9F2BB2BA85469003CEB9B /* ProfileUserResponseBody.swift in Sources */ = {isa = PBXBuildFile; fileRef = 23D9F2BA2BA85468003CEB9B /* ProfileUserResponseBody.swift */; };
		23D9F2BD2BA8549B003CEB9B /* ProfileStorage.swift in Sources */ = {isa = PBXBuildFile; fileRef = 23D9F2BC2BA8549B003CEB9B /* ProfileStorage.swift */; };
		23E8C7002B7BB496007B6B17 /* SingleImageViewController.swift in Sources */ = {isa = PBXBuildFile; fileRef = 23E8C6FF2B7BB496007B6B17 /* SingleImageViewController.swift */; };
/* End PBXBuildFile section */

/* Begin PBXFileReference section */
		23059D562B8634FC00C9334F /* YS Display-Bold.ttf */ = {isa = PBXFileReference; lastKnownFileType = file; path = "YS Display-Bold.ttf"; sourceTree = "<group>"; };
		23059D582B86350600C9334F /* YS Display-Regular.ttf */ = {isa = PBXFileReference; lastKnownFileType = file; path = "YS Display-Regular.ttf"; sourceTree = "<group>"; };
		23059D5A2B864A2C00C9334F /* Constants.swift */ = {isa = PBXFileReference; lastKnownFileType = sourcecode.swift; path = Constants.swift; sourceTree = "<group>"; };
		23059D5C2B86713100C9334F /* AuthViewController.swift */ = {isa = PBXFileReference; lastKnownFileType = sourcecode.swift; path = AuthViewController.swift; sourceTree = "<group>"; };
		230858812B58055400E39914 /* ImageFeed.app */ = {isa = PBXFileReference; explicitFileType = wrapper.application; includeInIndex = 0; path = ImageFeed.app; sourceTree = BUILT_PRODUCTS_DIR; };
		230858842B58055400E39914 /* AppDelegate.swift */ = {isa = PBXFileReference; lastKnownFileType = sourcecode.swift; path = AppDelegate.swift; sourceTree = "<group>"; };
		230858862B58055400E39914 /* SceneDelegate.swift */ = {isa = PBXFileReference; lastKnownFileType = sourcecode.swift; path = SceneDelegate.swift; sourceTree = "<group>"; };
		230858882B58055400E39914 /* ImageListViewController.swift */ = {isa = PBXFileReference; lastKnownFileType = sourcecode.swift; path = ImageListViewController.swift; sourceTree = "<group>"; };
		2308588B2B58055400E39914 /* Base */ = {isa = PBXFileReference; lastKnownFileType = file.storyboard; name = Base; path = Base.lproj/Main.storyboard; sourceTree = "<group>"; };
		2308588D2B58057800E39914 /* Assets.xcassets */ = {isa = PBXFileReference; lastKnownFileType = folder.assetcatalog; path = Assets.xcassets; sourceTree = "<group>"; };
		230858902B58057800E39914 /* Base */ = {isa = PBXFileReference; lastKnownFileType = file.storyboard; name = Base; path = Base.lproj/LaunchScreen.storyboard; sourceTree = "<group>"; };
		230858922B58057800E39914 /* Info.plist */ = {isa = PBXFileReference; lastKnownFileType = text.plist.xml; path = Info.plist; sourceTree = "<group>"; };
		233C61EC2B95F1C300BDE41E /* SplashViewController.swift */ = {isa = PBXFileReference; lastKnownFileType = sourcecode.swift; path = SplashViewController.swift; sourceTree = "<group>"; };
		234A0B0E2B9517950087E01E /* OAuth2TokenStorage.swift */ = {isa = PBXFileReference; lastKnownFileType = sourcecode.swift; path = OAuth2TokenStorage.swift; sourceTree = "<group>"; };
		234A0B102B951B850087E01E /* OAuthTokenResponseBody.swift */ = {isa = PBXFileReference; lastKnownFileType = sourcecode.swift; path = OAuthTokenResponseBody.swift; sourceTree = "<group>"; };
		235F0A0D2B6AB774004E8A22 /* ProfileViewController.swift */ = {isa = PBXFileReference; lastKnownFileType = sourcecode.swift; path = ProfileViewController.swift; sourceTree = "<group>"; };
		236920EE2BD51F960046918F /* ProfileImageService.swift */ = {isa = PBXFileReference; lastKnownFileType = sourcecode.swift; path = ProfileImageService.swift; sourceTree = "<group>"; };
		2376E5822B99135E00F53A96 /* URL Session + Data.swift */ = {isa = PBXFileReference; lastKnownFileType = sourcecode.swift; path = "URL Session + Data.swift"; sourceTree = "<group>"; };
		2379823A2BA74B8D00F9C1A4 /* ProfileService.swift */ = {isa = PBXFileReference; lastKnownFileType = sourcecode.swift; path = ProfileService.swift; sourceTree = "<group>"; };
		2379823C2BA74BE600F9C1A4 /* UIBlockingProgressHUD.swift */ = {isa = PBXFileReference; lastKnownFileType = sourcecode.swift; path = UIBlockingProgressHUD.swift; sourceTree = "<group>"; };
		23A8703A2B61790600CB612D /* ImageListCell.swift */ = {isa = PBXFileReference; lastKnownFileType = sourcecode.swift; path = ImageListCell.swift; sourceTree = "<group>"; };
		23ACC1882B8E5C5E005BEF75 /* OAuth2Service.swift */ = {isa = PBXFileReference; lastKnownFileType = sourcecode.swift; path = OAuth2Service.swift; sourceTree = "<group>"; };
		23B4314C2BD69D3A005D6DA1 /* GenericUrlSession.swift */ = {isa = PBXFileReference; lastKnownFileType = sourcecode.swift; path = GenericUrlSession.swift; sourceTree = "<group>"; };
		23B4F6AF2B95F996007D10C3 /* AuthViewControllerDelegate.swift */ = {isa = PBXFileReference; lastKnownFileType = sourcecode.swift; path = AuthViewControllerDelegate.swift; sourceTree = "<group>"; };
		23B8ED712B8766CE008DE611 /* WebViewViewController.swift */ = {isa = PBXFileReference; lastKnownFileType = sourcecode.swift; path = WebViewViewController.swift; sourceTree = "<group>"; };
		23BE1DA62BEBFB7400E907D9 /* TabBarController.swift */ = {isa = PBXFileReference; lastKnownFileType = sourcecode.swift; path = TabBarController.swift; sourceTree = "<group>"; };
		23C8FA8A2B88F61400F46B59 /* WebViewViewControllerDelegate.swift */ = {isa = PBXFileReference; lastKnownFileType = sourcecode.swift; path = WebViewViewControllerDelegate.swift; sourceTree = "<group>"; };
		23D9F2BA2BA85468003CEB9B /* ProfileUserResponseBody.swift */ = {isa = PBXFileReference; lastKnownFileType = sourcecode.swift; path = ProfileUserResponseBody.swift; sourceTree = "<group>"; };
		23D9F2BC2BA8549B003CEB9B /* ProfileStorage.swift */ = {isa = PBXFileReference; lastKnownFileType = sourcecode.swift; path = ProfileStorage.swift; sourceTree = "<group>"; };
		23E8C6FF2B7BB496007B6B17 /* SingleImageViewController.swift */ = {isa = PBXFileReference; fileEncoding = 4; lastKnownFileType = sourcecode.swift; path = SingleImageViewController.swift; sourceTree = "<group>"; };
/* End PBXFileReference section */

/* Begin PBXFrameworksBuildPhase section */
		2308587E2B58055400E39914 /* Frameworks */ = {
			isa = PBXFrameworksBuildPhase;
			buildActionMask = 2147483647;
			files = (
				2377CA352BEC17B100B1B09B /* Kingfisher in Frameworks */,
				2376E57F2B98DC5100F53A96 /* ProgressHUD in Frameworks */,
				2377CA382BEC182100B1B09B /* SwiftKeychainWrapper in Frameworks */,
			);
			runOnlyForDeploymentPostprocessing = 0;
		};
/* End PBXFrameworksBuildPhase section */

/* Begin PBXGroup section */
		23059D542B8633FB00C9334F /* Resources */ = {
			isa = PBXGroup;
			children = (
				23059D552B86342700C9334F /* Fonts */,
			);
			path = Resources;
			sourceTree = "<group>";
		};
		23059D552B86342700C9334F /* Fonts */ = {
			isa = PBXGroup;
			children = (
				23059D582B86350600C9334F /* YS Display-Regular.ttf */,
				23059D562B8634FC00C9334F /* YS Display-Bold.ttf */,
			);
			path = Fonts;
			sourceTree = "<group>";
		};
		230858782B58055400E39914 = {
			isa = PBXGroup;
			children = (
				230858832B58055400E39914 /* ImageFeed */,
				230858822B58055400E39914 /* Products */,
			);
			sourceTree = "<group>";
		};
		230858822B58055400E39914 /* Products */ = {
			isa = PBXGroup;
			children = (
				230858812B58055400E39914 /* ImageFeed.app */,
			);
			name = Products;
			sourceTree = "<group>";
		};
		230858832B58055400E39914 /* ImageFeed */ = {
			isa = PBXGroup;
			children = (
				230858862B58055400E39914 /* SceneDelegate.swift */,
				230858842B58055400E39914 /* AppDelegate.swift */,
				233C61EB2B95F15400BDE41E /* SplashViewController */,
				23BE1DA52BEBFB5900E907D9 /* TabBarController */,
				237982392BA74B5A00F9C1A4 /* Profile */,
				23A8703D2B617A5900CB612D /* ImageList */,
				23B8ED702B87669D008DE611 /* Auth */,
				23E8C6FF2B7BB496007B6B17 /* SingleImageViewController.swift */,
				23059D5A2B864A2C00C9334F /* Constants.swift */,
				2308588A2B58055400E39914 /* Main.storyboard */,
				23059D542B8633FB00C9334F /* Resources */,
				2308588D2B58057800E39914 /* Assets.xcassets */,
				2308588F2B58057800E39914 /* LaunchScreen.storyboard */,
				230858922B58057800E39914 /* Info.plist */,
				2376E5822B99135E00F53A96 /* URL Session + Data.swift */,
				2379823C2BA74BE600F9C1A4 /* UIBlockingProgressHUD.swift */,
				23B4314C2BD69D3A005D6DA1 /* GenericUrlSession.swift */,
			);
			path = ImageFeed;
			sourceTree = "<group>";
		};
		233C61EB2B95F15400BDE41E /* SplashViewController */ = {
			isa = PBXGroup;
			children = (
				233C61EC2B95F1C300BDE41E /* SplashViewController.swift */,
			);
			path = SplashViewController;
			sourceTree = "<group>";
		};
		237982392BA74B5A00F9C1A4 /* Profile */ = {
			isa = PBXGroup;
			children = (
				235F0A0D2B6AB774004E8A22 /* ProfileViewController.swift */,
				2379823A2BA74B8D00F9C1A4 /* ProfileService.swift */,
				23D9F2BA2BA85468003CEB9B /* ProfileUserResponseBody.swift */,
				23D9F2BC2BA8549B003CEB9B /* ProfileStorage.swift */,
				236920EE2BD51F960046918F /* ProfileImageService.swift */,
			);
			path = Profile;
			sourceTree = "<group>";
		};
		23A8703D2B617A5900CB612D /* ImageList */ = {
			isa = PBXGroup;
			children = (
				23A8703A2B61790600CB612D /* ImageListCell.swift */,
				230858882B58055400E39914 /* ImageListViewController.swift */,
			);
			path = ImageList;
			sourceTree = "<group>";
		};
		23B8ED702B87669D008DE611 /* Auth */ = {
			isa = PBXGroup;
			children = (
				23059D5C2B86713100C9334F /* AuthViewController.swift */,
				23B8ED712B8766CE008DE611 /* WebViewViewController.swift */,
				23C8FA8A2B88F61400F46B59 /* WebViewViewControllerDelegate.swift */,
				23ACC1882B8E5C5E005BEF75 /* OAuth2Service.swift */,
				234A0B0E2B9517950087E01E /* OAuth2TokenStorage.swift */,
				234A0B102B951B850087E01E /* OAuthTokenResponseBody.swift */,
				23B4F6AF2B95F996007D10C3 /* AuthViewControllerDelegate.swift */,
			);
			path = Auth;
			sourceTree = "<group>";
		};
		23BE1DA52BEBFB5900E907D9 /* TabBarController */ = {
			isa = PBXGroup;
			children = (
				23BE1DA62BEBFB7400E907D9 /* TabBarController.swift */,
			);
			path = TabBarController;
			sourceTree = "<group>";
		};
/* End PBXGroup section */

/* Begin PBXNativeTarget section */
		230858802B58055400E39914 /* ImageFeed */ = {
			isa = PBXNativeTarget;
			buildConfigurationList = 230858952B58057800E39914 /* Build configuration list for PBXNativeTarget "ImageFeed" */;
			buildPhases = (
				2308587D2B58055400E39914 /* Sources */,
				2308587E2B58055400E39914 /* Frameworks */,
				2308587F2B58055400E39914 /* Resources */,
			);
			buildRules = (
			);
			dependencies = (
			);
			name = ImageFeed;
			packageProductDependencies = (
				2376E57E2B98DC5100F53A96 /* ProgressHUD */,
				2377CA342BEC17B100B1B09B /* Kingfisher */,
				2377CA372BEC182100B1B09B /* SwiftKeychainWrapper */,
			);
			productName = ImageFeed;
			productReference = 230858812B58055400E39914 /* ImageFeed.app */;
			productType = "com.apple.product-type.application";
		};
/* End PBXNativeTarget section */

/* Begin PBXProject section */
		230858792B58055400E39914 /* Project object */ = {
			isa = PBXProject;
			attributes = {
				BuildIndependentTargetsInParallel = 1;
				LastSwiftUpdateCheck = 1430;
				LastUpgradeCheck = 1430;
				TargetAttributes = {
					230858802B58055400E39914 = {
						CreatedOnToolsVersion = 14.3.1;
					};
				};
			};
			buildConfigurationList = 2308587C2B58055400E39914 /* Build configuration list for PBXProject "ImageFeed" */;
			compatibilityVersion = "Xcode 14.0";
			developmentRegion = en;
			hasScannedForEncodings = 0;
			knownRegions = (
				en,
				Base,
			);
			mainGroup = 230858782B58055400E39914;
			packageReferences = (
				2376E57D2B98DC5100F53A96 /* XCRemoteSwiftPackageReference "ProgressHUD" */,
				2377CA332BEC17B100B1B09B /* XCRemoteSwiftPackageReference "Kingfisher" */,
				2377CA362BEC182100B1B09B /* XCRemoteSwiftPackageReference "SwiftKeychainWrapper" */,
			);
			productRefGroup = 230858822B58055400E39914 /* Products */;
			projectDirPath = "";
			projectRoot = "";
			targets = (
				230858802B58055400E39914 /* ImageFeed */,
			);
		};
/* End PBXProject section */

/* Begin PBXResourcesBuildPhase section */
		2308587F2B58055400E39914 /* Resources */ = {
			isa = PBXResourcesBuildPhase;
			buildActionMask = 2147483647;
			files = (
				230858912B58057800E39914 /* LaunchScreen.storyboard in Resources */,
				2308588E2B58057800E39914 /* Assets.xcassets in Resources */,
				2308588C2B58055400E39914 /* Main.storyboard in Resources */,
				23059D572B8634FC00C9334F /* YS Display-Bold.ttf in Resources */,
				23059D592B86350600C9334F /* YS Display-Regular.ttf in Resources */,
			);
			runOnlyForDeploymentPostprocessing = 0;
		};
/* End PBXResourcesBuildPhase section */

/* Begin PBXSourcesBuildPhase section */
		2308587D2B58055400E39914 /* Sources */ = {
			isa = PBXSourcesBuildPhase;
			buildActionMask = 2147483647;
			files = (
				23A8703B2B61790600CB612D /* ImageListCell.swift in Sources */,
				23D9F2BD2BA8549B003CEB9B /* ProfileStorage.swift in Sources */,
				23C8FA8B2B88F61400F46B59 /* WebViewViewControllerDelegate.swift in Sources */,
				230858892B58055400E39914 /* ImageListViewController.swift in Sources */,
				23B4F6B02B95F996007D10C3 /* AuthViewControllerDelegate.swift in Sources */,
				23BE1DA72BEBFB7400E907D9 /* TabBarController.swift in Sources */,
				235F0A0E2B6AB774004E8A22 /* ProfileViewController.swift in Sources */,
				23B4314D2BD69D3A005D6DA1 /* GenericUrlSession.swift in Sources */,
				23D9F2BB2BA85469003CEB9B /* ProfileUserResponseBody.swift in Sources */,
				23ACC1892B8E5C5E005BEF75 /* OAuth2Service.swift in Sources */,
				233C61ED2B95F1C300BDE41E /* SplashViewController.swift in Sources */,
				2379823B2BA74B8D00F9C1A4 /* ProfileService.swift in Sources */,
				234A0B112B951B850087E01E /* OAuthTokenResponseBody.swift in Sources */,
				23E8C7002B7BB496007B6B17 /* SingleImageViewController.swift in Sources */,
				23059D5D2B86713100C9334F /* AuthViewController.swift in Sources */,
				23059D5B2B864A2C00C9334F /* Constants.swift in Sources */,
				230858852B58055400E39914 /* AppDelegate.swift in Sources */,
				236920EF2BD51F960046918F /* ProfileImageService.swift in Sources */,
				23B8ED722B8766CE008DE611 /* WebViewViewController.swift in Sources */,
				230858872B58055400E39914 /* SceneDelegate.swift in Sources */,
				234A0B0F2B9517950087E01E /* OAuth2TokenStorage.swift in Sources */,
				2376E5832B99135E00F53A96 /* URL Session + Data.swift in Sources */,
				2379823D2BA74BE600F9C1A4 /* UIBlockingProgressHUD.swift in Sources */,
			);
			runOnlyForDeploymentPostprocessing = 0;
		};
/* End PBXSourcesBuildPhase section */

/* Begin PBXVariantGroup section */
		2308588A2B58055400E39914 /* Main.storyboard */ = {
			isa = PBXVariantGroup;
			children = (
				2308588B2B58055400E39914 /* Base */,
			);
			name = Main.storyboard;
			sourceTree = "<group>";
		};
		2308588F2B58057800E39914 /* LaunchScreen.storyboard */ = {
			isa = PBXVariantGroup;
			children = (
				230858902B58057800E39914 /* Base */,
			);
			name = LaunchScreen.storyboard;
			sourceTree = "<group>";
		};
/* End PBXVariantGroup section */

/* Begin XCBuildConfiguration section */
		230858932B58057800E39914 /* Debug */ = {
			isa = XCBuildConfiguration;
			buildSettings = {
				ALWAYS_SEARCH_USER_PATHS = NO;
				CLANG_ANALYZER_NONNULL = YES;
				CLANG_ANALYZER_NUMBER_OBJECT_CONVERSION = YES_AGGRESSIVE;
				CLANG_CXX_LANGUAGE_STANDARD = "gnu++20";
				CLANG_ENABLE_MODULES = YES;
				CLANG_ENABLE_OBJC_ARC = YES;
				CLANG_ENABLE_OBJC_WEAK = YES;
				CLANG_WARN_BLOCK_CAPTURE_AUTORELEASING = YES;
				CLANG_WARN_BOOL_CONVERSION = YES;
				CLANG_WARN_COMMA = YES;
				CLANG_WARN_CONSTANT_CONVERSION = YES;
				CLANG_WARN_DEPRECATED_OBJC_IMPLEMENTATIONS = YES;
				CLANG_WARN_DIRECT_OBJC_ISA_USAGE = YES_ERROR;
				CLANG_WARN_DOCUMENTATION_COMMENTS = YES;
				CLANG_WARN_EMPTY_BODY = YES;
				CLANG_WARN_ENUM_CONVERSION = YES;
				CLANG_WARN_INFINITE_RECURSION = YES;
				CLANG_WARN_INT_CONVERSION = YES;
				CLANG_WARN_NON_LITERAL_NULL_CONVERSION = YES;
				CLANG_WARN_OBJC_IMPLICIT_RETAIN_SELF = YES;
				CLANG_WARN_OBJC_LITERAL_CONVERSION = YES;
				CLANG_WARN_OBJC_ROOT_CLASS = YES_ERROR;
				CLANG_WARN_QUOTED_INCLUDE_IN_FRAMEWORK_HEADER = YES;
				CLANG_WARN_RANGE_LOOP_ANALYSIS = YES;
				CLANG_WARN_STRICT_PROTOTYPES = YES;
				CLANG_WARN_SUSPICIOUS_MOVE = YES;
				CLANG_WARN_UNGUARDED_AVAILABILITY = YES_AGGRESSIVE;
				CLANG_WARN_UNREACHABLE_CODE = YES;
				CLANG_WARN__DUPLICATE_METHOD_MATCH = YES;
				COPY_PHASE_STRIP = NO;
				DEBUG_INFORMATION_FORMAT = dwarf;
				ENABLE_STRICT_OBJC_MSGSEND = YES;
				ENABLE_TESTABILITY = YES;
				GCC_C_LANGUAGE_STANDARD = gnu11;
				GCC_DYNAMIC_NO_PIC = NO;
				GCC_NO_COMMON_BLOCKS = YES;
				GCC_OPTIMIZATION_LEVEL = 0;
				GCC_PREPROCESSOR_DEFINITIONS = (
					"DEBUG=1",
					"$(inherited)",
				);
				GCC_WARN_64_TO_32_BIT_CONVERSION = YES;
				GCC_WARN_ABOUT_RETURN_TYPE = YES_ERROR;
				GCC_WARN_UNDECLARED_SELECTOR = YES;
				GCC_WARN_UNINITIALIZED_AUTOS = YES_AGGRESSIVE;
				GCC_WARN_UNUSED_FUNCTION = YES;
				GCC_WARN_UNUSED_VARIABLE = YES;
				IPHONEOS_DEPLOYMENT_TARGET = 16.4;
				MTL_ENABLE_DEBUG_INFO = INCLUDE_SOURCE;
				MTL_FAST_MATH = YES;
				ONLY_ACTIVE_ARCH = YES;
				SDKROOT = iphoneos;
				SWIFT_ACTIVE_COMPILATION_CONDITIONS = DEBUG;
				SWIFT_OPTIMIZATION_LEVEL = "-Onone";
			};
			name = Debug;
		};
		230858942B58057800E39914 /* Release */ = {
			isa = XCBuildConfiguration;
			buildSettings = {
				ALWAYS_SEARCH_USER_PATHS = NO;
				CLANG_ANALYZER_NONNULL = YES;
				CLANG_ANALYZER_NUMBER_OBJECT_CONVERSION = YES_AGGRESSIVE;
				CLANG_CXX_LANGUAGE_STANDARD = "gnu++20";
				CLANG_ENABLE_MODULES = YES;
				CLANG_ENABLE_OBJC_ARC = YES;
				CLANG_ENABLE_OBJC_WEAK = YES;
				CLANG_WARN_BLOCK_CAPTURE_AUTORELEASING = YES;
				CLANG_WARN_BOOL_CONVERSION = YES;
				CLANG_WARN_COMMA = YES;
				CLANG_WARN_CONSTANT_CONVERSION = YES;
				CLANG_WARN_DEPRECATED_OBJC_IMPLEMENTATIONS = YES;
				CLANG_WARN_DIRECT_OBJC_ISA_USAGE = YES_ERROR;
				CLANG_WARN_DOCUMENTATION_COMMENTS = YES;
				CLANG_WARN_EMPTY_BODY = YES;
				CLANG_WARN_ENUM_CONVERSION = YES;
				CLANG_WARN_INFINITE_RECURSION = YES;
				CLANG_WARN_INT_CONVERSION = YES;
				CLANG_WARN_NON_LITERAL_NULL_CONVERSION = YES;
				CLANG_WARN_OBJC_IMPLICIT_RETAIN_SELF = YES;
				CLANG_WARN_OBJC_LITERAL_CONVERSION = YES;
				CLANG_WARN_OBJC_ROOT_CLASS = YES_ERROR;
				CLANG_WARN_QUOTED_INCLUDE_IN_FRAMEWORK_HEADER = YES;
				CLANG_WARN_RANGE_LOOP_ANALYSIS = YES;
				CLANG_WARN_STRICT_PROTOTYPES = YES;
				CLANG_WARN_SUSPICIOUS_MOVE = YES;
				CLANG_WARN_UNGUARDED_AVAILABILITY = YES_AGGRESSIVE;
				CLANG_WARN_UNREACHABLE_CODE = YES;
				CLANG_WARN__DUPLICATE_METHOD_MATCH = YES;
				COPY_PHASE_STRIP = NO;
				DEBUG_INFORMATION_FORMAT = "dwarf-with-dsym";
				ENABLE_NS_ASSERTIONS = NO;
				ENABLE_STRICT_OBJC_MSGSEND = YES;
				GCC_C_LANGUAGE_STANDARD = gnu11;
				GCC_NO_COMMON_BLOCKS = YES;
				GCC_WARN_64_TO_32_BIT_CONVERSION = YES;
				GCC_WARN_ABOUT_RETURN_TYPE = YES_ERROR;
				GCC_WARN_UNDECLARED_SELECTOR = YES;
				GCC_WARN_UNINITIALIZED_AUTOS = YES_AGGRESSIVE;
				GCC_WARN_UNUSED_FUNCTION = YES;
				GCC_WARN_UNUSED_VARIABLE = YES;
				IPHONEOS_DEPLOYMENT_TARGET = 16.4;
				MTL_ENABLE_DEBUG_INFO = NO;
				MTL_FAST_MATH = YES;
				SDKROOT = iphoneos;
				SWIFT_COMPILATION_MODE = wholemodule;
				SWIFT_OPTIMIZATION_LEVEL = "-O";
				VALIDATE_PRODUCT = YES;
			};
			name = Release;
		};
		230858962B58057800E39914 /* Debug */ = {
			isa = XCBuildConfiguration;
			buildSettings = {
				ASSETCATALOG_COMPILER_APPICON_NAME = AppIcon;
				ASSETCATALOG_COMPILER_GLOBAL_ACCENT_COLOR_NAME = AccentColor;
				CODE_SIGN_STYLE = Automatic;
				CURRENT_PROJECT_VERSION = 1;
				DEVELOPMENT_TEAM = M93S7M23W3;
				GENERATE_INFOPLIST_FILE = YES;
				INFOPLIST_FILE = ImageFeed/Info.plist;
				INFOPLIST_KEY_UIApplicationSupportsIndirectInputEvents = YES;
				INFOPLIST_KEY_UILaunchStoryboardName = LaunchScreen.storyboard;
				INFOPLIST_KEY_UIMainStoryboardFile = Main;
				INFOPLIST_KEY_UIStatusBarStyle = "";
				INFOPLIST_KEY_UISupportedInterfaceOrientations = UIInterfaceOrientationPortrait;
				INFOPLIST_KEY_UISupportedInterfaceOrientations_iPad = "UIInterfaceOrientationLandscapeLeft UIInterfaceOrientationLandscapeRight UIInterfaceOrientationPortrait UIInterfaceOrientationPortraitUpsideDown";
				IPHONEOS_DEPLOYMENT_TARGET = 13.0;
				LD_RUNPATH_SEARCH_PATHS = (
					"$(inherited)",
					"@executable_path/Frameworks",
				);
				MARKETING_VERSION = 1.0;
				PRODUCT_BUNDLE_IDENTIFIER = ru.yandex.practicum.ImageFeed;
				PRODUCT_NAME = "$(TARGET_NAME)";
				SUPPORTED_PLATFORMS = "iphoneos iphonesimulator";
				SUPPORTS_MACCATALYST = NO;
				SUPPORTS_MAC_DESIGNED_FOR_IPHONE_IPAD = NO;
				SWIFT_EMIT_LOC_STRINGS = YES;
				SWIFT_VERSION = 5.0;
				TARGETED_DEVICE_FAMILY = 1;
			};
			name = Debug;
		};
		230858972B58057800E39914 /* Release */ = {
			isa = XCBuildConfiguration;
			buildSettings = {
				ASSETCATALOG_COMPILER_APPICON_NAME = AppIcon;
				ASSETCATALOG_COMPILER_GLOBAL_ACCENT_COLOR_NAME = AccentColor;
				CODE_SIGN_STYLE = Automatic;
				CURRENT_PROJECT_VERSION = 1;
				DEVELOPMENT_TEAM = M93S7M23W3;
				GENERATE_INFOPLIST_FILE = YES;
				INFOPLIST_FILE = ImageFeed/Info.plist;
				INFOPLIST_KEY_UIApplicationSupportsIndirectInputEvents = YES;
				INFOPLIST_KEY_UILaunchStoryboardName = LaunchScreen.storyboard;
				INFOPLIST_KEY_UIMainStoryboardFile = Main;
				INFOPLIST_KEY_UIStatusBarStyle = "";
				INFOPLIST_KEY_UISupportedInterfaceOrientations = UIInterfaceOrientationPortrait;
				INFOPLIST_KEY_UISupportedInterfaceOrientations_iPad = "UIInterfaceOrientationLandscapeLeft UIInterfaceOrientationLandscapeRight UIInterfaceOrientationPortrait UIInterfaceOrientationPortraitUpsideDown";
				IPHONEOS_DEPLOYMENT_TARGET = 13.0;
				LD_RUNPATH_SEARCH_PATHS = (
					"$(inherited)",
					"@executable_path/Frameworks",
				);
				MARKETING_VERSION = 1.0;
				PRODUCT_BUNDLE_IDENTIFIER = ru.yandex.practicum.ImageFeed;
				PRODUCT_NAME = "$(TARGET_NAME)";
				SUPPORTED_PLATFORMS = "iphoneos iphonesimulator";
				SUPPORTS_MACCATALYST = NO;
				SUPPORTS_MAC_DESIGNED_FOR_IPHONE_IPAD = NO;
				SWIFT_EMIT_LOC_STRINGS = YES;
				SWIFT_VERSION = 5.0;
				TARGETED_DEVICE_FAMILY = 1;
			};
			name = Release;
		};
/* End XCBuildConfiguration section */

/* Begin XCConfigurationList section */
		2308587C2B58055400E39914 /* Build configuration list for PBXProject "ImageFeed" */ = {
			isa = XCConfigurationList;
			buildConfigurations = (
				230858932B58057800E39914 /* Debug */,
				230858942B58057800E39914 /* Release */,
			);
			defaultConfigurationIsVisible = 0;
			defaultConfigurationName = Release;
		};
		230858952B58057800E39914 /* Build configuration list for PBXNativeTarget "ImageFeed" */ = {
			isa = XCConfigurationList;
			buildConfigurations = (
				230858962B58057800E39914 /* Debug */,
				230858972B58057800E39914 /* Release */,
			);
			defaultConfigurationIsVisible = 0;
			defaultConfigurationName = Release;
		};
/* End XCConfigurationList section */

/* Begin XCRemoteSwiftPackageReference section */
		2376E57D2B98DC5100F53A96 /* XCRemoteSwiftPackageReference "ProgressHUD" */ = {
			isa = XCRemoteSwiftPackageReference;
			repositoryURL = "https://github.com/relatedcode/ProgressHUD";
			requirement = {
				kind = upToNextMajorVersion;
				minimumVersion = 13.8.6;
			};
		};
		2377CA332BEC17B100B1B09B /* XCRemoteSwiftPackageReference "Kingfisher" */ = {
			isa = XCRemoteSwiftPackageReference;
			repositoryURL = "https://github.com/onevcat/Kingfisher.git";
			requirement = {
				kind = upToNextMajorVersion;
				minimumVersion = 7.0.0;
			};
		};
		2377CA362BEC182100B1B09B /* XCRemoteSwiftPackageReference "SwiftKeychainWrapper" */ = {
			isa = XCRemoteSwiftPackageReference;
			repositoryURL = "https://github.com/jrendel/SwiftKeychainWrapper.git";
			requirement = {
				kind = upToNextMajorVersion;
				minimumVersion = 4.0.0;
			};
		};
/* End XCRemoteSwiftPackageReference section */

/* Begin XCSwiftPackageProductDependency section */
		2376E57E2B98DC5100F53A96 /* ProgressHUD */ = {
			isa = XCSwiftPackageProductDependency;
			package = 2376E57D2B98DC5100F53A96 /* XCRemoteSwiftPackageReference "ProgressHUD" */;
			productName = ProgressHUD;
		};
		2377CA342BEC17B100B1B09B /* Kingfisher */ = {
			isa = XCSwiftPackageProductDependency;
			package = 2377CA332BEC17B100B1B09B /* XCRemoteSwiftPackageReference "Kingfisher" */;
			productName = Kingfisher;
		};
		2377CA372BEC182100B1B09B /* SwiftKeychainWrapper */ = {
			isa = XCSwiftPackageProductDependency;
			package = 2377CA362BEC182100B1B09B /* XCRemoteSwiftPackageReference "SwiftKeychainWrapper" */;
			productName = SwiftKeychainWrapper;
		};
/* End XCSwiftPackageProductDependency section */
	};
	rootObject = 230858792B58055400E39914 /* Project object */;
}
