// !$*UTF8*$!
{
	archiveVersion = 1;
	classes = {
	};
	objectVersion = 56;
	objects = {

/* Begin PBXBuildFile section */
		F14D4E212B17114F003127E5 /* AppDelegate.swift in Sources */ = {isa = PBXBuildFile; fileRef = F14D4E202B17114F003127E5 /* AppDelegate.swift */; };
		F14D4E232B17114F003127E5 /* SceneDelegate.swift in Sources */ = {isa = PBXBuildFile; fileRef = F14D4E222B17114F003127E5 /* SceneDelegate.swift */; };
		F14D4E252B17114F003127E5 /* ImagesListViewController.swift in Sources */ = {isa = PBXBuildFile; fileRef = F14D4E242B17114F003127E5 /* ImagesListViewController.swift */; };
		F14D4E282B17114F003127E5 /* Main.storyboard in Resources */ = {isa = PBXBuildFile; fileRef = F14D4E262B17114F003127E5 /* Main.storyboard */; };
		F14D4E2B2B17114F003127E5 /* ImageFeed.xcdatamodeld in Sources */ = {isa = PBXBuildFile; fileRef = F14D4E292B17114F003127E5 /* ImageFeed.xcdatamodeld */; };
		F14D4E2D2B171151003127E5 /* Assets.xcassets in Resources */ = {isa = PBXBuildFile; fileRef = F14D4E2C2B171151003127E5 /* Assets.xcassets */; };
		F14D4E302B171151003127E5 /* LaunchScreen.storyboard in Resources */ = {isa = PBXBuildFile; fileRef = F14D4E2E2B171151003127E5 /* LaunchScreen.storyboard */; };
		F14D4E3B2B171151003127E5 /* ImageFeedTests.swift in Sources */ = {isa = PBXBuildFile; fileRef = F14D4E3A2B171151003127E5 /* ImageFeedTests.swift */; };
		F14D4E452B171151003127E5 /* ImageFeedUITests.swift in Sources */ = {isa = PBXBuildFile; fileRef = F14D4E442B171151003127E5 /* ImageFeedUITests.swift */; };
		F14D4E472B171151003127E5 /* ImageFeedUITestsLaunchTests.swift in Sources */ = {isa = PBXBuildFile; fileRef = F14D4E462B171151003127E5 /* ImageFeedUITestsLaunchTests.swift */; };
		F159CE242B3CA37E0076BA8A /* SingleImageViewController.swift in Sources */ = {isa = PBXBuildFile; fileRef = F159CE232B3CA37E0076BA8A /* SingleImageViewController.swift */; };
		F1C7935B2B28B23C00664814 /* ImagesListCell.swift in Sources */ = {isa = PBXBuildFile; fileRef = F1C7935A2B28B23C00664814 /* ImagesListCell.swift */; };
		F1C815132B39D81E00BAE5EF /* ProfileViewController.swift in Sources */ = {isa = PBXBuildFile; fileRef = F1C815122B39D81E00BAE5EF /* ProfileViewController.swift */; };
		F1EC10E82C08F94C00701DC1 /* Constants.swift in Sources */ = {isa = PBXBuildFile; fileRef = F1EC10E72C08F94C00701DC1 /* Constants.swift */; };
		F1EC10EB2C0B288600701DC1 /* AuthViewController.swift in Sources */ = {isa = PBXBuildFile; fileRef = F1EC10EA2C0B288600701DC1 /* AuthViewController.swift */; };
		F1EC10ED2C0B462E00701DC1 /* WebViewViewController.swift in Sources */ = {isa = PBXBuildFile; fileRef = F1EC10EC2C0B462E00701DC1 /* WebViewViewController.swift */; };
/* End PBXBuildFile section */

/* Begin PBXContainerItemProxy section */
		F14D4E372B171151003127E5 /* PBXContainerItemProxy */ = {
			isa = PBXContainerItemProxy;
			containerPortal = F14D4E152B17114F003127E5 /* Project object */;
			proxyType = 1;
			remoteGlobalIDString = F14D4E1C2B17114F003127E5;
			remoteInfo = ImageFeed;
		};
		F14D4E412B171151003127E5 /* PBXContainerItemProxy */ = {
			isa = PBXContainerItemProxy;
			containerPortal = F14D4E152B17114F003127E5 /* Project object */;
			proxyType = 1;
			remoteGlobalIDString = F14D4E1C2B17114F003127E5;
			remoteInfo = ImageFeed;
		};
/* End PBXContainerItemProxy section */

/* Begin PBXFileReference section */
		F14D4E1D2B17114F003127E5 /* ImageFeed.app */ = {isa = PBXFileReference; explicitFileType = wrapper.application; includeInIndex = 0; path = ImageFeed.app; sourceTree = BUILT_PRODUCTS_DIR; };
		F14D4E202B17114F003127E5 /* AppDelegate.swift */ = {isa = PBXFileReference; lastKnownFileType = sourcecode.swift; path = AppDelegate.swift; sourceTree = "<group>"; };
		F14D4E222B17114F003127E5 /* SceneDelegate.swift */ = {isa = PBXFileReference; lastKnownFileType = sourcecode.swift; path = SceneDelegate.swift; sourceTree = "<group>"; };
		F14D4E242B17114F003127E5 /* ImagesListViewController.swift */ = {isa = PBXFileReference; lastKnownFileType = sourcecode.swift; path = ImagesListViewController.swift; sourceTree = "<group>"; };
		F14D4E272B17114F003127E5 /* Base */ = {isa = PBXFileReference; lastKnownFileType = file.storyboard; name = Base; path = Base.lproj/Main.storyboard; sourceTree = "<group>"; };
		F14D4E2A2B17114F003127E5 /* ImageFeed.xcdatamodel */ = {isa = PBXFileReference; lastKnownFileType = wrapper.xcdatamodel; path = ImageFeed.xcdatamodel; sourceTree = "<group>"; };
		F14D4E2C2B171151003127E5 /* Assets.xcassets */ = {isa = PBXFileReference; lastKnownFileType = folder.assetcatalog; path = Assets.xcassets; sourceTree = "<group>"; };
		F14D4E2F2B171151003127E5 /* Base */ = {isa = PBXFileReference; lastKnownFileType = file.storyboard; name = Base; path = Base.lproj/LaunchScreen.storyboard; sourceTree = "<group>"; };
		F14D4E312B171151003127E5 /* Info.plist */ = {isa = PBXFileReference; lastKnownFileType = text.plist.xml; path = Info.plist; sourceTree = "<group>"; };
		F14D4E362B171151003127E5 /* ImageFeedTests.xctest */ = {isa = PBXFileReference; explicitFileType = wrapper.cfbundle; includeInIndex = 0; path = ImageFeedTests.xctest; sourceTree = BUILT_PRODUCTS_DIR; };
		F14D4E3A2B171151003127E5 /* ImageFeedTests.swift */ = {isa = PBXFileReference; lastKnownFileType = sourcecode.swift; path = ImageFeedTests.swift; sourceTree = "<group>"; };
		F14D4E402B171151003127E5 /* ImageFeedUITests.xctest */ = {isa = PBXFileReference; explicitFileType = wrapper.cfbundle; includeInIndex = 0; path = ImageFeedUITests.xctest; sourceTree = BUILT_PRODUCTS_DIR; };
		F14D4E442B171151003127E5 /* ImageFeedUITests.swift */ = {isa = PBXFileReference; lastKnownFileType = sourcecode.swift; path = ImageFeedUITests.swift; sourceTree = "<group>"; };
		F14D4E462B171151003127E5 /* ImageFeedUITestsLaunchTests.swift */ = {isa = PBXFileReference; lastKnownFileType = sourcecode.swift; path = ImageFeedUITestsLaunchTests.swift; sourceTree = "<group>"; };
		F159CE232B3CA37E0076BA8A /* SingleImageViewController.swift */ = {isa = PBXFileReference; lastKnownFileType = sourcecode.swift; path = SingleImageViewController.swift; sourceTree = "<group>"; };
		F1C7935A2B28B23C00664814 /* ImagesListCell.swift */ = {isa = PBXFileReference; lastKnownFileType = sourcecode.swift; path = ImagesListCell.swift; sourceTree = "<group>"; };
		F1C815122B39D81E00BAE5EF /* ProfileViewController.swift */ = {isa = PBXFileReference; lastKnownFileType = sourcecode.swift; path = ProfileViewController.swift; sourceTree = "<group>"; };
		F1EC10E72C08F94C00701DC1 /* Constants.swift */ = {isa = PBXFileReference; lastKnownFileType = sourcecode.swift; path = Constants.swift; sourceTree = "<group>"; };
		F1EC10EA2C0B288600701DC1 /* AuthViewController.swift */ = {isa = PBXFileReference; lastKnownFileType = sourcecode.swift; path = AuthViewController.swift; sourceTree = "<group>"; };
		F1EC10EC2C0B462E00701DC1 /* WebViewViewController.swift */ = {isa = PBXFileReference; lastKnownFileType = sourcecode.swift; path = WebViewViewController.swift; sourceTree = "<group>"; };
/* End PBXFileReference section */

/* Begin PBXFrameworksBuildPhase section */
		F14D4E1A2B17114F003127E5 /* Frameworks */ = {
			isa = PBXFrameworksBuildPhase;
			buildActionMask = 2147483647;
			files = (
			);
			runOnlyForDeploymentPostprocessing = 0;
		};
		F14D4E332B171151003127E5 /* Frameworks */ = {
			isa = PBXFrameworksBuildPhase;
			buildActionMask = 2147483647;
			files = (
			);
			runOnlyForDeploymentPostprocessing = 0;
		};
		F14D4E3D2B171151003127E5 /* Frameworks */ = {
			isa = PBXFrameworksBuildPhase;
			buildActionMask = 2147483647;
			files = (
			);
			runOnlyForDeploymentPostprocessing = 0;
		};
/* End PBXFrameworksBuildPhase section */

/* Begin PBXGroup section */
		F14D4E142B17114F003127E5 = {
			isa = PBXGroup;
			children = (
				F14D4E1F2B17114F003127E5 /* ImageFeed */,
				F14D4E392B171151003127E5 /* ImageFeedTests */,
				F14D4E432B171151003127E5 /* ImageFeedUITests */,
				F14D4E1E2B17114F003127E5 /* Products */,
			);
			sourceTree = "<group>";
		};
		F14D4E1E2B17114F003127E5 /* Products */ = {
			isa = PBXGroup;
			children = (
				F14D4E1D2B17114F003127E5 /* ImageFeed.app */,
				F14D4E362B171151003127E5 /* ImageFeedTests.xctest */,
				F14D4E402B171151003127E5 /* ImageFeedUITests.xctest */,
			);
			name = Products;
			sourceTree = "<group>";
		};
		F14D4E1F2B17114F003127E5 /* ImageFeed */ = {
			isa = PBXGroup;
			children = (
				F1EC10E92C0B287800701DC1 /* Auth */,
				F1EB2EA92B40655D00B7570F /* SingleImageView */,
				F1C815142B3AEB8700BAE5EF /* Profile */,
				F1C7935C2B28B25B00664814 /* ImageList */,
				F14D4E202B17114F003127E5 /* AppDelegate.swift */,
				F14D4E222B17114F003127E5 /* SceneDelegate.swift */,
				F1EC10E72C08F94C00701DC1 /* Constants.swift */,
				F14D4E262B17114F003127E5 /* Main.storyboard */,
				F14D4E2C2B171151003127E5 /* Assets.xcassets */,
				F14D4E2E2B171151003127E5 /* LaunchScreen.storyboard */,
				F14D4E312B171151003127E5 /* Info.plist */,
				F14D4E292B17114F003127E5 /* ImageFeed.xcdatamodeld */,
			);
			path = ImageFeed;
			sourceTree = "<group>";
		};
		F14D4E392B171151003127E5 /* ImageFeedTests */ = {
			isa = PBXGroup;
			children = (
				F14D4E3A2B171151003127E5 /* ImageFeedTests.swift */,
			);
			path = ImageFeedTests;
			sourceTree = "<group>";
		};
		F14D4E432B171151003127E5 /* ImageFeedUITests */ = {
			isa = PBXGroup;
			children = (
				F14D4E442B171151003127E5 /* ImageFeedUITests.swift */,
				F14D4E462B171151003127E5 /* ImageFeedUITestsLaunchTests.swift */,
			);
			path = ImageFeedUITests;
			sourceTree = "<group>";
		};
		F1C7935C2B28B25B00664814 /* ImageList */ = {
			isa = PBXGroup;
			children = (
				F1C7935A2B28B23C00664814 /* ImagesListCell.swift */,
				F14D4E242B17114F003127E5 /* ImagesListViewController.swift */,
			);
			path = ImageList;
			sourceTree = "<group>";
		};
		F1C815142B3AEB8700BAE5EF /* Profile */ = {
			isa = PBXGroup;
			children = (
				F1C815122B39D81E00BAE5EF /* ProfileViewController.swift */,
			);
			path = Profile;
			sourceTree = "<group>";
		};
		F1EB2EA92B40655D00B7570F /* SingleImageView */ = {
			isa = PBXGroup;
			children = (
				F159CE232B3CA37E0076BA8A /* SingleImageViewController.swift */,
			);
			path = SingleImageView;
			sourceTree = "<group>";
		};
		F1EC10E92C0B287800701DC1 /* Auth */ = {
			isa = PBXGroup;
			children = (
				F1EC10EA2C0B288600701DC1 /* AuthViewController.swift */,
				F1EC10EC2C0B462E00701DC1 /* WebViewViewController.swift */,
			);
			path = Auth;
			sourceTree = "<group>";
		};
/* End PBXGroup section */

/* Begin PBXNativeTarget section */
		F14D4E1C2B17114F003127E5 /* ImageFeed */ = {
			isa = PBXNativeTarget;
			buildConfigurationList = F14D4E4A2B171151003127E5 /* Build configuration list for PBXNativeTarget "ImageFeed" */;
			buildPhases = (
				F14D4E192B17114F003127E5 /* Sources */,
				F14D4E1A2B17114F003127E5 /* Frameworks */,
				F14D4E1B2B17114F003127E5 /* Resources */,
			);
			buildRules = (
			);
			dependencies = (
			);
			name = ImageFeed;
			productName = ImageFeed;
			productReference = F14D4E1D2B17114F003127E5 /* ImageFeed.app */;
			productType = "com.apple.product-type.application";
		};
		F14D4E352B171151003127E5 /* ImageFeedTests */ = {
			isa = PBXNativeTarget;
			buildConfigurationList = F14D4E4D2B171151003127E5 /* Build configuration list for PBXNativeTarget "ImageFeedTests" */;
			buildPhases = (
				F14D4E322B171151003127E5 /* Sources */,
				F14D4E332B171151003127E5 /* Frameworks */,
				F14D4E342B171151003127E5 /* Resources */,
			);
			buildRules = (
			);
			dependencies = (
				F14D4E382B171151003127E5 /* PBXTargetDependency */,
			);
			name = ImageFeedTests;
			productName = ImageFeedTests;
			productReference = F14D4E362B171151003127E5 /* ImageFeedTests.xctest */;
			productType = "com.apple.product-type.bundle.unit-test";
		};
		F14D4E3F2B171151003127E5 /* ImageFeedUITests */ = {
			isa = PBXNativeTarget;
			buildConfigurationList = F14D4E502B171151003127E5 /* Build configuration list for PBXNativeTarget "ImageFeedUITests" */;
			buildPhases = (
				F14D4E3C2B171151003127E5 /* Sources */,
				F14D4E3D2B171151003127E5 /* Frameworks */,
				F14D4E3E2B171151003127E5 /* Resources */,
			);
			buildRules = (
			);
			dependencies = (
				F14D4E422B171151003127E5 /* PBXTargetDependency */,
			);
			name = ImageFeedUITests;
			productName = ImageFeedUITests;
			productReference = F14D4E402B171151003127E5 /* ImageFeedUITests.xctest */;
			productType = "com.apple.product-type.bundle.ui-testing";
		};
/* End PBXNativeTarget section */

/* Begin PBXProject section */
		F14D4E152B17114F003127E5 /* Project object */ = {
			isa = PBXProject;
			attributes = {
				BuildIndependentTargetsInParallel = 1;
				LastSwiftUpdateCheck = 1500;
				LastUpgradeCheck = 1500;
				TargetAttributes = {
					F14D4E1C2B17114F003127E5 = {
						CreatedOnToolsVersion = 15.0.1;
					};
					F14D4E352B171151003127E5 = {
						CreatedOnToolsVersion = 15.0.1;
						TestTargetID = F14D4E1C2B17114F003127E5;
					};
					F14D4E3F2B171151003127E5 = {
						CreatedOnToolsVersion = 15.0.1;
						TestTargetID = F14D4E1C2B17114F003127E5;
					};
				};
			};
			buildConfigurationList = F14D4E182B17114F003127E5 /* Build configuration list for PBXProject "ImageFeed" */;
			compatibilityVersion = "Xcode 14.0";
			developmentRegion = en;
			hasScannedForEncodings = 0;
			knownRegions = (
				en,
				Base,
			);
			mainGroup = F14D4E142B17114F003127E5;
			productRefGroup = F14D4E1E2B17114F003127E5 /* Products */;
			projectDirPath = "";
			projectRoot = "";
			targets = (
				F14D4E1C2B17114F003127E5 /* ImageFeed */,
				F14D4E352B171151003127E5 /* ImageFeedTests */,
				F14D4E3F2B171151003127E5 /* ImageFeedUITests */,
			);
		};
/* End PBXProject section */

/* Begin PBXResourcesBuildPhase section */
		F14D4E1B2B17114F003127E5 /* Resources */ = {
			isa = PBXResourcesBuildPhase;
			buildActionMask = 2147483647;
			files = (
				F14D4E302B171151003127E5 /* LaunchScreen.storyboard in Resources */,
				F14D4E2D2B171151003127E5 /* Assets.xcassets in Resources */,
				F14D4E282B17114F003127E5 /* Main.storyboard in Resources */,
			);
			runOnlyForDeploymentPostprocessing = 0;
		};
		F14D4E342B171151003127E5 /* Resources */ = {
			isa = PBXResourcesBuildPhase;
			buildActionMask = 2147483647;
			files = (
			);
			runOnlyForDeploymentPostprocessing = 0;
		};
		F14D4E3E2B171151003127E5 /* Resources */ = {
			isa = PBXResourcesBuildPhase;
			buildActionMask = 2147483647;
			files = (
			);
			runOnlyForDeploymentPostprocessing = 0;
		};
/* End PBXResourcesBuildPhase section */

/* Begin PBXSourcesBuildPhase section */
		F14D4E192B17114F003127E5 /* Sources */ = {
			isa = PBXSourcesBuildPhase;
			buildActionMask = 2147483647;
			files = (
				F1EC10ED2C0B462E00701DC1 /* WebViewViewController.swift in Sources */,
				F1C815132B39D81E00BAE5EF /* ProfileViewController.swift in Sources */,
				F14D4E252B17114F003127E5 /* ImagesListViewController.swift in Sources */,
				F14D4E2B2B17114F003127E5 /* ImageFeed.xcdatamodeld in Sources */,
				F159CE242B3CA37E0076BA8A /* SingleImageViewController.swift in Sources */,
				F1C7935B2B28B23C00664814 /* ImagesListCell.swift in Sources */,
				F14D4E212B17114F003127E5 /* AppDelegate.swift in Sources */,
				F14D4E232B17114F003127E5 /* SceneDelegate.swift in Sources */,
				F1EC10EB2C0B288600701DC1 /* AuthViewController.swift in Sources */,
				F1EC10E82C08F94C00701DC1 /* Constants.swift in Sources */,
			);
			runOnlyForDeploymentPostprocessing = 0;
		};
		F14D4E322B171151003127E5 /* Sources */ = {
			isa = PBXSourcesBuildPhase;
			buildActionMask = 2147483647;
			files = (
				F14D4E3B2B171151003127E5 /* ImageFeedTests.swift in Sources */,
			);
			runOnlyForDeploymentPostprocessing = 0;
		};
		F14D4E3C2B171151003127E5 /* Sources */ = {
			isa = PBXSourcesBuildPhase;
			buildActionMask = 2147483647;
			files = (
				F14D4E472B171151003127E5 /* ImageFeedUITestsLaunchTests.swift in Sources */,
				F14D4E452B171151003127E5 /* ImageFeedUITests.swift in Sources */,
			);
			runOnlyForDeploymentPostprocessing = 0;
		};
/* End PBXSourcesBuildPhase section */

/* Begin PBXTargetDependency section */
		F14D4E382B171151003127E5 /* PBXTargetDependency */ = {
			isa = PBXTargetDependency;
			target = F14D4E1C2B17114F003127E5 /* ImageFeed */;
			targetProxy = F14D4E372B171151003127E5 /* PBXContainerItemProxy */;
		};
		F14D4E422B171151003127E5 /* PBXTargetDependency */ = {
			isa = PBXTargetDependency;
			target = F14D4E1C2B17114F003127E5 /* ImageFeed */;
			targetProxy = F14D4E412B171151003127E5 /* PBXContainerItemProxy */;
		};
/* End PBXTargetDependency section */

/* Begin PBXVariantGroup section */
		F14D4E262B17114F003127E5 /* Main.storyboard */ = {
			isa = PBXVariantGroup;
			children = (
				F14D4E272B17114F003127E5 /* Base */,
			);
			name = Main.storyboard;
			sourceTree = "<group>";
		};
		F14D4E2E2B171151003127E5 /* LaunchScreen.storyboard */ = {
			isa = PBXVariantGroup;
			children = (
				F14D4E2F2B171151003127E5 /* Base */,
			);
			name = LaunchScreen.storyboard;
			sourceTree = "<group>";
		};
/* End PBXVariantGroup section */

/* Begin XCBuildConfiguration section */
		F14D4E482B171151003127E5 /* Debug */ = {
			isa = XCBuildConfiguration;
			buildSettings = {
				ALWAYS_SEARCH_USER_PATHS = NO;
				ASSETCATALOG_COMPILER_GENERATE_SWIFT_ASSET_SYMBOL_EXTENSIONS = YES;
				CLANG_ANALYZER_NONNULL = YES;
				CLANG_ANALYZER_NUMBER_OBJECT_CONVERSION = YES_AGGRESSIVE;
				CLANG_CXX_LANGUAGE_STANDARD = "gnu++20";
				CLANG_ENABLE_MODULES = YES;
				CLANG_ENABLE_OBJC_ARC = YES;
				CLANG_ENABLE_OBJC_WEAK = YES;
				CLANG_WARN_BLOCK_CAPTURE_AUTORELEASING = YES;
				CLANG_WARN_BOOL_CONVERSION = YES;
				CLANG_WARN_COMMA = YES;
				CLANG_WARN_CONSTANT_CONVERSION = YES;
				CLANG_WARN_DEPRECATED_OBJC_IMPLEMENTATIONS = YES;
				CLANG_WARN_DIRECT_OBJC_ISA_USAGE = YES_ERROR;
				CLANG_WARN_DOCUMENTATION_COMMENTS = YES;
				CLANG_WARN_EMPTY_BODY = YES;
				CLANG_WARN_ENUM_CONVERSION = YES;
				CLANG_WARN_INFINITE_RECURSION = YES;
				CLANG_WARN_INT_CONVERSION = YES;
				CLANG_WARN_NON_LITERAL_NULL_CONVERSION = YES;
				CLANG_WARN_OBJC_IMPLICIT_RETAIN_SELF = YES;
				CLANG_WARN_OBJC_LITERAL_CONVERSION = YES;
				CLANG_WARN_OBJC_ROOT_CLASS = YES_ERROR;
				CLANG_WARN_QUOTED_INCLUDE_IN_FRAMEWORK_HEADER = YES;
				CLANG_WARN_RANGE_LOOP_ANALYSIS = YES;
				CLANG_WARN_STRICT_PROTOTYPES = YES;
				CLANG_WARN_SUSPICIOUS_MOVE = YES;
				CLANG_WARN_UNGUARDED_AVAILABILITY = YES_AGGRESSIVE;
				CLANG_WARN_UNREACHABLE_CODE = YES;
				CLANG_WARN__DUPLICATE_METHOD_MATCH = YES;
				COPY_PHASE_STRIP = NO;
				DEBUG_INFORMATION_FORMAT = dwarf;
				ENABLE_STRICT_OBJC_MSGSEND = YES;
				ENABLE_TESTABILITY = YES;
				ENABLE_USER_SCRIPT_SANDBOXING = YES;
				GCC_C_LANGUAGE_STANDARD = gnu17;
				GCC_DYNAMIC_NO_PIC = NO;
				GCC_NO_COMMON_BLOCKS = YES;
				GCC_OPTIMIZATION_LEVEL = 0;
				GCC_PREPROCESSOR_DEFINITIONS = (
					"DEBUG=1",
					"$(inherited)",
				);
				GCC_WARN_64_TO_32_BIT_CONVERSION = YES;
				GCC_WARN_ABOUT_RETURN_TYPE = YES_ERROR;
				GCC_WARN_UNDECLARED_SELECTOR = YES;
				GCC_WARN_UNINITIALIZED_AUTOS = YES_AGGRESSIVE;
				GCC_WARN_UNUSED_FUNCTION = YES;
				GCC_WARN_UNUSED_VARIABLE = YES;
				IPHONEOS_DEPLOYMENT_TARGET = 13.0;
				LOCALIZATION_PREFERS_STRING_CATALOGS = YES;
				MTL_ENABLE_DEBUG_INFO = INCLUDE_SOURCE;
				MTL_FAST_MATH = YES;
				ONLY_ACTIVE_ARCH = YES;
				SDKROOT = iphoneos;
				SWIFT_ACTIVE_COMPILATION_CONDITIONS = "DEBUG $(inherited)";
				SWIFT_OPTIMIZATION_LEVEL = "-Onone";
			};
			name = Debug;
		};
		F14D4E492B171151003127E5 /* Release */ = {
			isa = XCBuildConfiguration;
			buildSettings = {
				ALWAYS_SEARCH_USER_PATHS = NO;
				ASSETCATALOG_COMPILER_GENERATE_SWIFT_ASSET_SYMBOL_EXTENSIONS = YES;
				CLANG_ANALYZER_NONNULL = YES;
				CLANG_ANALYZER_NUMBER_OBJECT_CONVERSION = YES_AGGRESSIVE;
				CLANG_CXX_LANGUAGE_STANDARD = "gnu++20";
				CLANG_ENABLE_MODULES = YES;
				CLANG_ENABLE_OBJC_ARC = YES;
				CLANG_ENABLE_OBJC_WEAK = YES;
				CLANG_WARN_BLOCK_CAPTURE_AUTORELEASING = YES;
				CLANG_WARN_BOOL_CONVERSION = YES;
				CLANG_WARN_COMMA = YES;
				CLANG_WARN_CONSTANT_CONVERSION = YES;
				CLANG_WARN_DEPRECATED_OBJC_IMPLEMENTATIONS = YES;
				CLANG_WARN_DIRECT_OBJC_ISA_USAGE = YES_ERROR;
				CLANG_WARN_DOCUMENTATION_COMMENTS = YES;
				CLANG_WARN_EMPTY_BODY = YES;
				CLANG_WARN_ENUM_CONVERSION = YES;
				CLANG_WARN_INFINITE_RECURSION = YES;
				CLANG_WARN_INT_CONVERSION = YES;
				CLANG_WARN_NON_LITERAL_NULL_CONVERSION = YES;
				CLANG_WARN_OBJC_IMPLICIT_RETAIN_SELF = YES;
				CLANG_WARN_OBJC_LITERAL_CONVERSION = YES;
				CLANG_WARN_OBJC_ROOT_CLASS = YES_ERROR;
				CLANG_WARN_QUOTED_INCLUDE_IN_FRAMEWORK_HEADER = YES;
				CLANG_WARN_RANGE_LOOP_ANALYSIS = YES;
				CLANG_WARN_STRICT_PROTOTYPES = YES;
				CLANG_WARN_SUSPICIOUS_MOVE = YES;
				CLANG_WARN_UNGUARDED_AVAILABILITY = YES_AGGRESSIVE;
				CLANG_WARN_UNREACHABLE_CODE = YES;
				CLANG_WARN__DUPLICATE_METHOD_MATCH = YES;
				COPY_PHASE_STRIP = NO;
				DEBUG_INFORMATION_FORMAT = "dwarf-with-dsym";
				ENABLE_NS_ASSERTIONS = NO;
				ENABLE_STRICT_OBJC_MSGSEND = YES;
				ENABLE_USER_SCRIPT_SANDBOXING = YES;
				GCC_C_LANGUAGE_STANDARD = gnu17;
				GCC_NO_COMMON_BLOCKS = YES;
				GCC_WARN_64_TO_32_BIT_CONVERSION = YES;
				GCC_WARN_ABOUT_RETURN_TYPE = YES_ERROR;
				GCC_WARN_UNDECLARED_SELECTOR = YES;
				GCC_WARN_UNINITIALIZED_AUTOS = YES_AGGRESSIVE;
				GCC_WARN_UNUSED_FUNCTION = YES;
				GCC_WARN_UNUSED_VARIABLE = YES;
				IPHONEOS_DEPLOYMENT_TARGET = 13.0;
				LOCALIZATION_PREFERS_STRING_CATALOGS = YES;
				MTL_ENABLE_DEBUG_INFO = NO;
				MTL_FAST_MATH = YES;
				SDKROOT = iphoneos;
				SWIFT_COMPILATION_MODE = wholemodule;
				VALIDATE_PRODUCT = YES;
			};
			name = Release;
		};
		F14D4E4B2B171151003127E5 /* Debug */ = {
			isa = XCBuildConfiguration;
			buildSettings = {
				ASSETCATALOG_COMPILER_APPICON_NAME = AppIcon;
				ASSETCATALOG_COMPILER_GLOBAL_ACCENT_COLOR_NAME = AccentColor;
				CODE_SIGN_STYLE = Automatic;
				CURRENT_PROJECT_VERSION = 1;
				DEVELOPMENT_TEAM = M93S7M23W3;
				GENERATE_INFOPLIST_FILE = YES;
				INFOPLIST_FILE = ImageFeed/Info.plist;
				INFOPLIST_KEY_UIApplicationSupportsIndirectInputEvents = YES;
				INFOPLIST_KEY_UILaunchStoryboardName = LaunchScreen;
				INFOPLIST_KEY_UIMainStoryboardFile = Main;
				INFOPLIST_KEY_UISupportedInterfaceOrientations = UIInterfaceOrientationPortrait;
				INFOPLIST_KEY_UISupportedInterfaceOrientations_iPad = UIInterfaceOrientationLandscapeRight;
				IPHONEOS_DEPLOYMENT_TARGET = 13.0;
				LD_RUNPATH_SEARCH_PATHS = (
					"$(inherited)",
					"@executable_path/Frameworks",
				);
				MARKETING_VERSION = 1.0;
				PRODUCT_BUNDLE_IDENTIFIER = ru.yandex.practicum.ImageFeed;
				PRODUCT_NAME = "$(TARGET_NAME)";
				SUPPORTED_PLATFORMS = "iphoneos iphonesimulator";
				SUPPORTS_MACCATALYST = NO;
				SWIFT_EMIT_LOC_STRINGS = YES;
				SWIFT_VERSION = 5.0;
				TARGETED_DEVICE_FAMILY = 1;
			};
			name = Debug;
		};
		F14D4E4C2B171151003127E5 /* Release */ = {
			isa = XCBuildConfiguration;
			buildSettings = {
				ASSETCATALOG_COMPILER_APPICON_NAME = AppIcon;
				ASSETCATALOG_COMPILER_GLOBAL_ACCENT_COLOR_NAME = AccentColor;
				CODE_SIGN_STYLE = Automatic;
				CURRENT_PROJECT_VERSION = 1;
				DEVELOPMENT_TEAM = M93S7M23W3;
				GENERATE_INFOPLIST_FILE = YES;
				INFOPLIST_FILE = ImageFeed/Info.plist;
				INFOPLIST_KEY_UIApplicationSupportsIndirectInputEvents = YES;
				INFOPLIST_KEY_UILaunchStoryboardName = LaunchScreen;
				INFOPLIST_KEY_UIMainStoryboardFile = Main;
				INFOPLIST_KEY_UISupportedInterfaceOrientations = UIInterfaceOrientationPortrait;
				INFOPLIST_KEY_UISupportedInterfaceOrientations_iPad = UIInterfaceOrientationLandscapeRight;
				IPHONEOS_DEPLOYMENT_TARGET = 13.0;
				LD_RUNPATH_SEARCH_PATHS = (
					"$(inherited)",
					"@executable_path/Frameworks",
				);
				MARKETING_VERSION = 1.0;
				PRODUCT_BUNDLE_IDENTIFIER = ru.yandex.practicum.ImageFeed;
				PRODUCT_NAME = "$(TARGET_NAME)";
				SUPPORTED_PLATFORMS = "iphoneos iphonesimulator";
				SUPPORTS_MACCATALYST = NO;
				SWIFT_EMIT_LOC_STRINGS = YES;
				SWIFT_VERSION = 5.0;
				TARGETED_DEVICE_FAMILY = 1;
			};
			name = Release;
		};
		F14D4E4E2B171151003127E5 /* Debug */ = {
			isa = XCBuildConfiguration;
			buildSettings = {
				ALWAYS_EMBED_SWIFT_STANDARD_LIBRARIES = YES;
				BUNDLE_LOADER = "$(TEST_HOST)";
				CODE_SIGN_STYLE = Automatic;
				CURRENT_PROJECT_VERSION = 1;
				DEVELOPMENT_TEAM = M93S7M23W3;
				GENERATE_INFOPLIST_FILE = YES;
				IPHONEOS_DEPLOYMENT_TARGET = 17.0;
				MARKETING_VERSION = 1.0;
				PRODUCT_BUNDLE_IDENTIFIER = ru.yandex.practicum.ImageFeedTests;
				PRODUCT_NAME = "$(TARGET_NAME)";
				SWIFT_EMIT_LOC_STRINGS = NO;
				SWIFT_VERSION = 5.0;
				TARGETED_DEVICE_FAMILY = "1,2";
				TEST_HOST = "$(BUILT_PRODUCTS_DIR)/ImageFeed.app/$(BUNDLE_EXECUTABLE_FOLDER_PATH)/ImageFeed";
			};
			name = Debug;
		};
		F14D4E4F2B171151003127E5 /* Release */ = {
			isa = XCBuildConfiguration;
			buildSettings = {
				ALWAYS_EMBED_SWIFT_STANDARD_LIBRARIES = YES;
				BUNDLE_LOADER = "$(TEST_HOST)";
				CODE_SIGN_STYLE = Automatic;
				CURRENT_PROJECT_VERSION = 1;
				DEVELOPMENT_TEAM = M93S7M23W3;
				GENERATE_INFOPLIST_FILE = YES;
				IPHONEOS_DEPLOYMENT_TARGET = 17.0;
				MARKETING_VERSION = 1.0;
				PRODUCT_BUNDLE_IDENTIFIER = ru.yandex.practicum.ImageFeedTests;
				PRODUCT_NAME = "$(TARGET_NAME)";
				SWIFT_EMIT_LOC_STRINGS = NO;
				SWIFT_VERSION = 5.0;
				TARGETED_DEVICE_FAMILY = "1,2";
				TEST_HOST = "$(BUILT_PRODUCTS_DIR)/ImageFeed.app/$(BUNDLE_EXECUTABLE_FOLDER_PATH)/ImageFeed";
			};
			name = Release;
		};
		F14D4E512B171151003127E5 /* Debug */ = {
			isa = XCBuildConfiguration;
			buildSettings = {
				ALWAYS_EMBED_SWIFT_STANDARD_LIBRARIES = YES;
				CODE_SIGN_STYLE = Automatic;
				CURRENT_PROJECT_VERSION = 1;
				DEVELOPMENT_TEAM = M93S7M23W3;
				GENERATE_INFOPLIST_FILE = YES;
				MARKETING_VERSION = 1.0;
				PRODUCT_BUNDLE_IDENTIFIER = ru.yandex.practicum.ImageFeedUITests;
				PRODUCT_NAME = "$(TARGET_NAME)";
				SWIFT_EMIT_LOC_STRINGS = NO;
				SWIFT_VERSION = 5.0;
				TARGETED_DEVICE_FAMILY = "1,2";
				TEST_TARGET_NAME = ImageFeed;
			};
			name = Debug;
		};
		F14D4E522B171151003127E5 /* Release */ = {
			isa = XCBuildConfiguration;
			buildSettings = {
				ALWAYS_EMBED_SWIFT_STANDARD_LIBRARIES = YES;
				CODE_SIGN_STYLE = Automatic;
				CURRENT_PROJECT_VERSION = 1;
				DEVELOPMENT_TEAM = M93S7M23W3;
				GENERATE_INFOPLIST_FILE = YES;
				MARKETING_VERSION = 1.0;
				PRODUCT_BUNDLE_IDENTIFIER = ru.yandex.practicum.ImageFeedUITests;
				PRODUCT_NAME = "$(TARGET_NAME)";
				SWIFT_EMIT_LOC_STRINGS = NO;
				SWIFT_VERSION = 5.0;
				TARGETED_DEVICE_FAMILY = "1,2";
				TEST_TARGET_NAME = ImageFeed;
			};
			name = Release;
		};
/* End XCBuildConfiguration section */

/* Begin XCConfigurationList section */
		F14D4E182B17114F003127E5 /* Build configuration list for PBXProject "ImageFeed" */ = {
			isa = XCConfigurationList;
			buildConfigurations = (
				F14D4E482B171151003127E5 /* Debug */,
				F14D4E492B171151003127E5 /* Release */,
			);
			defaultConfigurationIsVisible = 0;
			defaultConfigurationName = Release;
		};
		F14D4E4A2B171151003127E5 /* Build configuration list for PBXNativeTarget "ImageFeed" */ = {
			isa = XCConfigurationList;
			buildConfigurations = (
				F14D4E4B2B171151003127E5 /* Debug */,
				F14D4E4C2B171151003127E5 /* Release */,
			);
			defaultConfigurationIsVisible = 0;
			defaultConfigurationName = Release;
		};
		F14D4E4D2B171151003127E5 /* Build configuration list for PBXNativeTarget "ImageFeedTests" */ = {
			isa = XCConfigurationList;
			buildConfigurations = (
				F14D4E4E2B171151003127E5 /* Debug */,
				F14D4E4F2B171151003127E5 /* Release */,
			);
			defaultConfigurationIsVisible = 0;
			defaultConfigurationName = Release;
		};
		F14D4E502B171151003127E5 /* Build configuration list for PBXNativeTarget "ImageFeedUITests" */ = {
			isa = XCConfigurationList;
			buildConfigurations = (
				F14D4E512B171151003127E5 /* Debug */,
				F14D4E522B171151003127E5 /* Release */,
			);
			defaultConfigurationIsVisible = 0;
			defaultConfigurationName = Release;
		};
/* End XCConfigurationList section */

/* Begin XCVersionGroup section */
		F14D4E292B17114F003127E5 /* ImageFeed.xcdatamodeld */ = {
			isa = XCVersionGroup;
			children = (
				F14D4E2A2B17114F003127E5 /* ImageFeed.xcdatamodel */,
			);
			currentVersion = F14D4E2A2B17114F003127E5 /* ImageFeed.xcdatamodel */;
			path = ImageFeed.xcdatamodeld;
			sourceTree = "<group>";
			versionGroupType = wrapper.xcdatamodel;
		};
/* End XCVersionGroup section */
	};
	rootObject = F14D4E152B17114F003127E5 /* Project object */;
}
